
Microsoft Visual Studio Solution File, Format Version 12.00
# Visual Studio Version 16
VisualStudioVersion = 16.0.34301.259
MinimumVisualStudioVersion = 10.0.40219.1
Project("{FAE04EC0-301F-11D3-BF4B-00C04F79EFBC}") = "Практическая№1", "Практическая№1\Практическая№1.csproj", "{5D71F759-9788-4B3F-A864-C81250C445F4}"
EndProject
Global
	GlobalSection(SolutionConfigurationPlatforms) = preSolution
		Debug|Any CPU = Debug|Any CPU
		Release|Any CPU = Release|Any CPU
	EndGlobalSection
	GlobalSection(ProjectConfigurationPlatforms) = postSolution
		{5D71F759-9788-4B3F-A864-C81250C445F4}.Debug|Any CPU.ActiveCfg = Debug|Any CPU
		{5D71F759-9788-4B3F-A864-C81250C445F4}.Debug|Any CPU.Build.0 = Debug|Any CPU
		{5D71F759-9788-4B3F-A864-C81250C445F4}.Release|Any CPU.ActiveCfg = Release|Any CPU
		{5D71F759-9788-4B3F-A864-C81250C445F4}.Release|Any CPU.Build.0 = Release|Any CPU
	EndGlobalSection
	GlobalSection(SolutionProperties) = preSolution
		HideSolutionNode = FALSE
	EndGlobalSection
	GlobalSection(ExtensibilityGlobals) = postSolution
		SolutionGuid = {EF7854A4-A7B7-44E2-975B-D62888410815}
	EndGlobalSection
EndGlobal
