
Microsoft Visual Studio Solution File, Format Version 12.00
# Visual Studio Version 16
VisualStudioVersion = 16.0.34301.259
MinimumVisualStudioVersion = 10.0.40219.1
Project("{FAE04EC0-301F-11D3-BF4B-00C04F79EFBC}") = "Задание2", "Задание2\Задание2.csproj", "{E47F7AF1-413A-4771-BC12-B80376B1435A}"
EndProject
Global
	GlobalSection(SolutionConfigurationPlatforms) = preSolution
		Debug|Any CPU = Debug|Any CPU
		Release|Any CPU = Release|Any CPU
	EndGlobalSection
	GlobalSection(ProjectConfigurationPlatforms) = postSolution
		{E47F7AF1-413A-4771-BC12-B80376B1435A}.Debug|Any CPU.ActiveCfg = Debug|Any CPU
		{E47F7AF1-413A-4771-BC12-B80376B1435A}.Debug|Any CPU.Build.0 = Debug|Any CPU
		{E47F7AF1-413A-4771-BC12-B80376B1435A}.Release|Any CPU.ActiveCfg = Release|Any CPU
		{E47F7AF1-413A-4771-BC12-B80376B1435A}.Release|Any CPU.Build.0 = Release|Any CPU
	EndGlobalSection
	GlobalSection(SolutionProperties) = preSolution
		HideSolutionNode = FALSE
	EndGlobalSection
	GlobalSection(ExtensibilityGlobals) = postSolution
		SolutionGuid = {5BFE74C9-DA03-4953-BE3F-0D9260388B5F}
	EndGlobalSection
EndGlobal
